
Microsoft Visual Studio Solution File, Format Version 12.00
# Visual Studio Version 17
VisualStudioVersion = 17.10.34928.147
MinimumVisualStudioVersion = 10.0.40219.1
Project("{FAE04EC0-301F-11D3-BF4B-00C04F79EFBC}") = "Enum", "Enum.csproj", "{5B46AE9E-9DE9-49E3-B56F-ACDB8E2BEB90}"
EndProject
Global
	GlobalSection(SolutionConfigurationPlatforms) = preSolution
		Debug|Any CPU = Debug|Any CPU
		Release|Any CPU = Release|Any CPU
	EndGlobalSection
	GlobalSection(ProjectConfigurationPlatforms) = postSolution
		{5B46AE9E-9DE9-49E3-B56F-ACDB8E2BEB90}.Debug|Any CPU.ActiveCfg = Debug|Any CPU
		{5B46AE9E-9DE9-49E3-B56F-ACDB8E2BEB90}.Debug|Any CPU.Build.0 = Debug|Any CPU
		{5B46AE9E-9DE9-49E3-B56F-ACDB8E2BEB90}.Release|Any CPU.ActiveCfg = Release|Any CPU
		{5B46AE9E-9DE9-49E3-B56F-ACDB8E2BEB90}.Release|Any CPU.Build.0 = Release|Any CPU
	EndGlobalSection
	GlobalSection(SolutionProperties) = preSolution
		HideSolutionNode = FALSE
	EndGlobalSection
	GlobalSection(ExtensibilityGlobals) = postSolution
		SolutionGuid = {655B8018-5EDB-4E5D-8718-AFC7FD526EFC}
	EndGlobalSection
EndGlobal
