
Microsoft Visual Studio Solution File, Format Version 12.00
# Visual Studio Version 17
VisualStudioVersion = 17.10.34928.147
MinimumVisualStudioVersion = 10.0.40219.1
Project("{FAE04EC0-301F-11D3-BF4B-00C04F79EFBC}") = "Mobile_Functions", "Mobile_Functions.csproj", "{EADD7AEB-C798-4742-81BC-C64E87A751F1}"
EndProject
Global
	GlobalSection(SolutionConfigurationPlatforms) = preSolution
		Debug|Any CPU = Debug|Any CPU
		Release|Any CPU = Release|Any CPU
	EndGlobalSection
	GlobalSection(ProjectConfigurationPlatforms) = postSolution
		{EADD7AEB-C798-4742-81BC-C64E87A751F1}.Debug|Any CPU.ActiveCfg = Debug|Any CPU
		{EADD7AEB-C798-4742-81BC-C64E87A751F1}.Debug|Any CPU.Build.0 = Debug|Any CPU
		{EADD7AEB-C798-4742-81BC-C64E87A751F1}.Release|Any CPU.ActiveCfg = Release|Any CPU
		{EADD7AEB-C798-4742-81BC-C64E87A751F1}.Release|Any CPU.Build.0 = Release|Any CPU
	EndGlobalSection
	GlobalSection(SolutionProperties) = preSolution
		HideSolutionNode = FALSE
	EndGlobalSection
	GlobalSection(ExtensibilityGlobals) = postSolution
		SolutionGuid = {14C14D36-5594-473B-A7D8-740592668528}
	EndGlobalSection
EndGlobal
