
Microsoft Visual Studio Solution File, Format Version 12.00
# Visual Studio Version 17
VisualStudioVersion = 17.10.34928.147
MinimumVisualStudioVersion = 10.0.40219.1
Project("{FAE04EC0-301F-11D3-BF4B-00C04F79EFBC}") = "Dynamic_Variable_in_Generic", "Dynamic_Variable_in_Generic.csproj", "{8851DDAC-4152-448A-9FC0-9DBC11948DDF}"
EndProject
Global
	GlobalSection(SolutionConfigurationPlatforms) = preSolution
		Debug|Any CPU = Debug|Any CPU
		Release|Any CPU = Release|Any CPU
	EndGlobalSection
	GlobalSection(ProjectConfigurationPlatforms) = postSolution
		{8851DDAC-4152-448A-9FC0-9DBC11948DDF}.Debug|Any CPU.ActiveCfg = Debug|Any CPU
		{8851DDAC-4152-448A-9FC0-9DBC11948DDF}.Debug|Any CPU.Build.0 = Debug|Any CPU
		{8851DDAC-4152-448A-9FC0-9DBC11948DDF}.Release|Any CPU.ActiveCfg = Release|Any CPU
		{8851DDAC-4152-448A-9FC0-9DBC11948DDF}.Release|Any CPU.Build.0 = Release|Any CPU
	EndGlobalSection
	GlobalSection(SolutionProperties) = preSolution
		HideSolutionNode = FALSE
	EndGlobalSection
	GlobalSection(ExtensibilityGlobals) = postSolution
		SolutionGuid = {D28440CF-C293-4E73-806B-818C3449A747}
	EndGlobalSection
EndGlobal
