
Microsoft Visual Studio Solution File, Format Version 12.00
# Visual Studio Version 17
VisualStudioVersion = 17.10.35013.160
MinimumVisualStudioVersion = 10.0.40219.1
Project("{FAE04EC0-301F-11D3-BF4B-00C04F79EFBC}") = "WinFormsApp1", "WinFormsApp1.csproj", "{7939BB5C-FBA8-47C4-A2D0-C5F0DBEB9607}"
EndProject
Global
	GlobalSection(SolutionConfigurationPlatforms) = preSolution
		Debug|Any CPU = Debug|Any CPU
		Release|Any CPU = Release|Any CPU
	EndGlobalSection
	GlobalSection(ProjectConfigurationPlatforms) = postSolution
		{7939BB5C-FBA8-47C4-A2D0-C5F0DBEB9607}.Debug|Any CPU.ActiveCfg = Debug|Any CPU
		{7939BB5C-FBA8-47C4-A2D0-C5F0DBEB9607}.Debug|Any CPU.Build.0 = Debug|Any CPU
		{7939BB5C-FBA8-47C4-A2D0-C5F0DBEB9607}.Release|Any CPU.ActiveCfg = Release|Any CPU
		{7939BB5C-FBA8-47C4-A2D0-C5F0DBEB9607}.Release|Any CPU.Build.0 = Release|Any CPU
	EndGlobalSection
	GlobalSection(SolutionProperties) = preSolution
		HideSolutionNode = FALSE
	EndGlobalSection
	GlobalSection(ExtensibilityGlobals) = postSolution
		SolutionGuid = {3B2F65F8-4663-429A-A70E-5A6596D8EC2E}
	EndGlobalSection
EndGlobal
